
Microsoft Visual Studio Solution File, Format Version 12.00
# Visual Studio Version 17
VisualStudioVersion = 17.4.33213.308
MinimumVisualStudioVersion = 10.0.40219.1
Project("{FAE04EC0-301F-11D3-BF4B-00C04F79EFBC}") = "StageLoader", "StageLoader.csproj", "{C758BE8C-A2D1-439E-A552-0B55A7F43037}"
EndProject
Global
	GlobalSection(SolutionConfigurationPlatforms) = preSolution
		Debug|Any CPU = Debug|Any CPU
		Release|Any CPU = Release|Any CPU
	EndGlobalSection
	GlobalSection(ProjectConfigurationPlatforms) = postSolution
		{C758BE8C-A2D1-439E-A552-0B55A7F43037}.Debug|Any CPU.ActiveCfg = Debug|Any CPU
		{C758BE8C-A2D1-439E-A552-0B55A7F43037}.Debug|Any CPU.Build.0 = Debug|Any CPU
		{C758BE8C-A2D1-439E-A552-0B55A7F43037}.Release|Any CPU.ActiveCfg = Release|Any CPU
		{C758BE8C-A2D1-439E-A552-0B55A7F43037}.Release|Any CPU.Build.0 = Release|Any CPU
	EndGlobalSection
	GlobalSection(SolutionProperties) = preSolution
		HideSolutionNode = FALSE
	EndGlobalSection
	GlobalSection(ExtensibilityGlobals) = postSolution
		SolutionGuid = {6A6B64AA-9CBE-42CA-B5D7-C446E83E53D5}
	EndGlobalSection
EndGlobal
